
Microsoft Visual Studio Solution File, Format Version 12.00
# Visual Studio Version 17
VisualStudioVersion = 17.4.33213.308
MinimumVisualStudioVersion = 10.0.40219.1
Project("{2150E333-8FDC-42A3-9474-1A3956D46DE8}") = "FrontEnd", "FrontEnd", "{8BB3B315-7FF0-46C4-A65D-83A0BCB725E1}"
EndProject
Project("{2150E333-8FDC-42A3-9474-1A3956D46DE8}") = "Microservices", "Microservices", "{14FA1FC0-FAB8-4D6E-9F3A-425A45C6B961}"
EndProject
Project("{9A19103F-16F7-4668-BE54-9A1E7A4F7556}") = "GeekShopping.Web", "GeekShopping.Web\GeekShopping.Web.csproj", "{D68D3348-72E1-4EE4-BA7A-79EF9BE4E348}"
EndProject
Project("{9A19103F-16F7-4668-BE54-9A1E7A4F7556}") = "GeekShopping.ProductAPI", "GeekShopping.ProductAPI\GeekShopping.ProductAPI.csproj", "{57783F79-9B22-4DF4-A1B2-B5CDB7361514}"
EndProject
Project("{9A19103F-16F7-4668-BE54-9A1E7A4F7556}") = "GeekShopping.IdentityServer", "GeekShopping.IdentityServer\GeekShopping.IdentityServer.csproj", "{C885A26F-6111-4850-AF50-6F52696FE02C}"
EndProject
Project("{9A19103F-16F7-4668-BE54-9A1E7A4F7556}") = "GeekShopping.CartAPI", "GeekShopping.CartAPI\GeekShopping.CartAPI.csproj", "{B7D9EE08-9DF1-443E-90DE-EA7AC2AF73C0}"
EndProject
Project("{9A19103F-16F7-4668-BE54-9A1E7A4F7556}") = "GeekShopping.CouponAPI", "GeekShopping.CouponAPI\GeekShopping.CouponAPI.csproj", "{5F6C5B06-9FDE-4C9C-AC6E-8DFD79A04B21}"
EndProject
Project("{2150E333-8FDC-42A3-9474-1A3956D46DE8}") = "Integration", "Integration", "{09434C04-570E-41E7-A1AA-B441F649FBBA}"
EndProject
Project("{9A19103F-16F7-4668-BE54-9A1E7A4F7556}") = "GeekShopping.MessageBus", "GeekShopping.MessageBus\GeekShopping.MessageBus.csproj", "{421CF76E-7C35-46E5-9104-5153955A2D25}"
EndProject
Project("{9A19103F-16F7-4668-BE54-9A1E7A4F7556}") = "GeekShopping.OrderAPI", "GeekShopping.OrderAPI\GeekShopping.OrderAPI.csproj", "{6DF9EDCF-402F-4A44-82FC-944A6E3188FD}"
EndProject
Project("{2150E333-8FDC-42A3-9474-1A3956D46DE8}") = "Payments", "Payments", "{0FD73940-2FFE-4FA3-A5C1-05EB8F6AED2D}"
EndProject
Project("{9A19103F-16F7-4668-BE54-9A1E7A4F7556}") = "GeekShopping.PaymentProcessor", "GeekShopping.PaymentProcessor\GeekShopping.PaymentProcessor.csproj", "{8BC6C624-DB58-4463-8E88-ED8EF5B27748}"
EndProject
Project("{9A19103F-16F7-4668-BE54-9A1E7A4F7556}") = "GeekShopping.PaymentAPI", "GeekShopping.PaymentAPI\GeekShopping.PaymentAPI.csproj", "{1FD9BC7B-82FE-4A93-B2A8-7235E545A497}"
EndProject
Project("{FAE04EC0-301F-11D3-BF4B-00C04F79EFBC}") = "GeekShopping.Email", "GeekShopping.Email\GeekShopping.Email.csproj", "{91392D5C-24FC-4DBD-825C-887512AF668B}"
EndProject
Project("{2150E333-8FDC-42A3-9474-1A3956D46DE8}") = "Gateway", "Gateway", "{AAB04FD2-35CF-4CAD-AE58-8751AA0E3265}"
EndProject
Project("{FAE04EC0-301F-11D3-BF4B-00C04F79EFBC}") = "GeekShopping.Apigateway", "GeekShopping.Apigateway\GeekShopping.Apigateway.csproj", "{25DAA9B0-72D9-409F-BDB7-F9FD26B56771}"
EndProject
Global
	GlobalSection(SolutionConfigurationPlatforms) = preSolution
		Debug|Any CPU = Debug|Any CPU
		Release|Any CPU = Release|Any CPU
	EndGlobalSection
	GlobalSection(ProjectConfigurationPlatforms) = postSolution
		{D68D3348-72E1-4EE4-BA7A-79EF9BE4E348}.Debug|Any CPU.ActiveCfg = Debug|Any CPU
		{D68D3348-72E1-4EE4-BA7A-79EF9BE4E348}.Debug|Any CPU.Build.0 = Debug|Any CPU
		{D68D3348-72E1-4EE4-BA7A-79EF9BE4E348}.Release|Any CPU.ActiveCfg = Release|Any CPU
		{D68D3348-72E1-4EE4-BA7A-79EF9BE4E348}.Release|Any CPU.Build.0 = Release|Any CPU
		{57783F79-9B22-4DF4-A1B2-B5CDB7361514}.Debug|Any CPU.ActiveCfg = Debug|Any CPU
		{57783F79-9B22-4DF4-A1B2-B5CDB7361514}.Debug|Any CPU.Build.0 = Debug|Any CPU
		{57783F79-9B22-4DF4-A1B2-B5CDB7361514}.Release|Any CPU.ActiveCfg = Release|Any CPU
		{57783F79-9B22-4DF4-A1B2-B5CDB7361514}.Release|Any CPU.Build.0 = Release|Any CPU
		{C885A26F-6111-4850-AF50-6F52696FE02C}.Debug|Any CPU.ActiveCfg = Debug|Any CPU
		{C885A26F-6111-4850-AF50-6F52696FE02C}.Debug|Any CPU.Build.0 = Debug|Any CPU
		{C885A26F-6111-4850-AF50-6F52696FE02C}.Release|Any CPU.ActiveCfg = Release|Any CPU
		{C885A26F-6111-4850-AF50-6F52696FE02C}.Release|Any CPU.Build.0 = Release|Any CPU
		{B7D9EE08-9DF1-443E-90DE-EA7AC2AF73C0}.Debug|Any CPU.ActiveCfg = Debug|Any CPU
		{B7D9EE08-9DF1-443E-90DE-EA7AC2AF73C0}.Debug|Any CPU.Build.0 = Debug|Any CPU
		{B7D9EE08-9DF1-443E-90DE-EA7AC2AF73C0}.Release|Any CPU.ActiveCfg = Release|Any CPU
		{B7D9EE08-9DF1-443E-90DE-EA7AC2AF73C0}.Release|Any CPU.Build.0 = Release|Any CPU
		{5F6C5B06-9FDE-4C9C-AC6E-8DFD79A04B21}.Debug|Any CPU.ActiveCfg = Debug|Any CPU
		{5F6C5B06-9FDE-4C9C-AC6E-8DFD79A04B21}.Debug|Any CPU.Build.0 = Debug|Any CPU
		{5F6C5B06-9FDE-4C9C-AC6E-8DFD79A04B21}.Release|Any CPU.ActiveCfg = Release|Any CPU
		{5F6C5B06-9FDE-4C9C-AC6E-8DFD79A04B21}.Release|Any CPU.Build.0 = Release|Any CPU
		{421CF76E-7C35-46E5-9104-5153955A2D25}.Debug|Any CPU.ActiveCfg = Debug|Any CPU
		{421CF76E-7C35-46E5-9104-5153955A2D25}.Debug|Any CPU.Build.0 = Debug|Any CPU
		{421CF76E-7C35-46E5-9104-5153955A2D25}.Release|Any CPU.ActiveCfg = Release|Any CPU
		{421CF76E-7C35-46E5-9104-5153955A2D25}.Release|Any CPU.Build.0 = Release|Any CPU
		{6DF9EDCF-402F-4A44-82FC-944A6E3188FD}.Debug|Any CPU.ActiveCfg = Debug|Any CPU
		{6DF9EDCF-402F-4A44-82FC-944A6E3188FD}.Debug|Any CPU.Build.0 = Debug|Any CPU
		{6DF9EDCF-402F-4A44-82FC-944A6E3188FD}.Release|Any CPU.ActiveCfg = Release|Any CPU
		{6DF9EDCF-402F-4A44-82FC-944A6E3188FD}.Release|Any CPU.Build.0 = Release|Any CPU
		{8BC6C624-DB58-4463-8E88-ED8EF5B27748}.Debug|Any CPU.ActiveCfg = Debug|Any CPU
		{8BC6C624-DB58-4463-8E88-ED8EF5B27748}.Debug|Any CPU.Build.0 = Debug|Any CPU
		{8BC6C624-DB58-4463-8E88-ED8EF5B27748}.Release|Any CPU.ActiveCfg = Release|Any CPU
		{8BC6C624-DB58-4463-8E88-ED8EF5B27748}.Release|Any CPU.Build.0 = Release|Any CPU
		{1FD9BC7B-82FE-4A93-B2A8-7235E545A497}.Debug|Any CPU.ActiveCfg = Debug|Any CPU
		{1FD9BC7B-82FE-4A93-B2A8-7235E545A497}.Debug|Any CPU.Build.0 = Debug|Any CPU
		{1FD9BC7B-82FE-4A93-B2A8-7235E545A497}.Release|Any CPU.ActiveCfg = Release|Any CPU
		{1FD9BC7B-82FE-4A93-B2A8-7235E545A497}.Release|Any CPU.Build.0 = Release|Any CPU
		{91392D5C-24FC-4DBD-825C-887512AF668B}.Debug|Any CPU.ActiveCfg = Debug|Any CPU
		{91392D5C-24FC-4DBD-825C-887512AF668B}.Debug|Any CPU.Build.0 = Debug|Any CPU
		{91392D5C-24FC-4DBD-825C-887512AF668B}.Release|Any CPU.ActiveCfg = Release|Any CPU
		{91392D5C-24FC-4DBD-825C-887512AF668B}.Release|Any CPU.Build.0 = Release|Any CPU
		{25DAA9B0-72D9-409F-BDB7-F9FD26B56771}.Debug|Any CPU.ActiveCfg = Debug|Any CPU
		{25DAA9B0-72D9-409F-BDB7-F9FD26B56771}.Debug|Any CPU.Build.0 = Debug|Any CPU
		{25DAA9B0-72D9-409F-BDB7-F9FD26B56771}.Release|Any CPU.ActiveCfg = Release|Any CPU
		{25DAA9B0-72D9-409F-BDB7-F9FD26B56771}.Release|Any CPU.Build.0 = Release|Any CPU
	EndGlobalSection
	GlobalSection(SolutionProperties) = preSolution
		HideSolutionNode = FALSE
	EndGlobalSection
	GlobalSection(NestedProjects) = preSolution
		{D68D3348-72E1-4EE4-BA7A-79EF9BE4E348} = {8BB3B315-7FF0-46C4-A65D-83A0BCB725E1}
		{57783F79-9B22-4DF4-A1B2-B5CDB7361514} = {14FA1FC0-FAB8-4D6E-9F3A-425A45C6B961}
		{C885A26F-6111-4850-AF50-6F52696FE02C} = {14FA1FC0-FAB8-4D6E-9F3A-425A45C6B961}
		{B7D9EE08-9DF1-443E-90DE-EA7AC2AF73C0} = {14FA1FC0-FAB8-4D6E-9F3A-425A45C6B961}
		{5F6C5B06-9FDE-4C9C-AC6E-8DFD79A04B21} = {14FA1FC0-FAB8-4D6E-9F3A-425A45C6B961}
		{421CF76E-7C35-46E5-9104-5153955A2D25} = {09434C04-570E-41E7-A1AA-B441F649FBBA}
		{6DF9EDCF-402F-4A44-82FC-944A6E3188FD} = {14FA1FC0-FAB8-4D6E-9F3A-425A45C6B961}
		{8BC6C624-DB58-4463-8E88-ED8EF5B27748} = {0FD73940-2FFE-4FA3-A5C1-05EB8F6AED2D}
		{1FD9BC7B-82FE-4A93-B2A8-7235E545A497} = {14FA1FC0-FAB8-4D6E-9F3A-425A45C6B961}
		{91392D5C-24FC-4DBD-825C-887512AF668B} = {14FA1FC0-FAB8-4D6E-9F3A-425A45C6B961}
		{25DAA9B0-72D9-409F-BDB7-F9FD26B56771} = {AAB04FD2-35CF-4CAD-AE58-8751AA0E3265}
	EndGlobalSection
	GlobalSection(ExtensibilityGlobals) = postSolution
		SolutionGuid = {9BBA0D9E-5BA7-4410-8518-985F2471A395}
	EndGlobalSection
EndGlobal
